
Microsoft Visual Studio Solution File, Format Version 12.00
# Visual Studio 15
VisualStudioVersion = 15.0.27004.2005
MinimumVisualStudioVersion = 10.0.40219.1
Project("{00D1A9C2-B5F0-4AF3-8072-F6C62B433612}") = "SQLDataGenerator", "SQLDataGenerator\SQLDataGenerator.sqlproj", "{93462937-500E-478D-973B-997624A85131}"
EndProject
Global
	GlobalSection(SolutionConfigurationPlatforms) = preSolution
		Debug|Any CPU = Debug|Any CPU
		Release|Any CPU = Release|Any CPU
	EndGlobalSection
	GlobalSection(ProjectConfigurationPlatforms) = postSolution
		{93462937-500E-478D-973B-997624A85131}.Debug|Any CPU.ActiveCfg = Debug|Any CPU
		{93462937-500E-478D-973B-997624A85131}.Debug|Any CPU.Build.0 = Debug|Any CPU
		{93462937-500E-478D-973B-997624A85131}.Debug|Any CPU.Deploy.0 = Debug|Any CPU
		{93462937-500E-478D-973B-997624A85131}.Release|Any CPU.ActiveCfg = Release|Any CPU
		{93462937-500E-478D-973B-997624A85131}.Release|Any CPU.Build.0 = Release|Any CPU
		{93462937-500E-478D-973B-997624A85131}.Release|Any CPU.Deploy.0 = Release|Any CPU
	EndGlobalSection
	GlobalSection(SolutionProperties) = preSolution
		HideSolutionNode = FALSE
	EndGlobalSection
	GlobalSection(ExtensibilityGlobals) = postSolution
		SolutionGuid = {B0F4755D-1382-430D-A76C-BEFFE45E2EC1}
	EndGlobalSection
EndGlobal
